
Microsoft Visual Studio Solution File, Format Version 12.00
# Visual Studio Version 16
VisualStudioVersion = 16.0.31727.386
MinimumVisualStudioVersion = 10.0.40219.1
Project("{FAE04EC0-301F-11D3-BF4B-00C04F79EFBC}") = "JennerMonolith", "JennerMonolith\JennerMonolith.csproj", "{D63761FE-8F8D-4608-998E-CE12BB83ED08}"
EndProject
Project("{FAE04EC0-301F-11D3-BF4B-00C04F79EFBC}") = "JennethMonolith.Comum", "JennethMonolith.Comum\JennethMonolith.Comum.csproj", "{4B64FDFC-5DA5-49AE-B8DA-4900D69DABDB}"
EndProject
Global
	GlobalSection(SolutionConfigurationPlatforms) = preSolution
		Debug|Any CPU = Debug|Any CPU
		Release|Any CPU = Release|Any CPU
	EndGlobalSection
	GlobalSection(ProjectConfigurationPlatforms) = postSolution
		{D63761FE-8F8D-4608-998E-CE12BB83ED08}.Debug|Any CPU.ActiveCfg = Debug|Any CPU
		{D63761FE-8F8D-4608-998E-CE12BB83ED08}.Debug|Any CPU.Build.0 = Debug|Any CPU
		{D63761FE-8F8D-4608-998E-CE12BB83ED08}.Release|Any CPU.ActiveCfg = Release|Any CPU
		{D63761FE-8F8D-4608-998E-CE12BB83ED08}.Release|Any CPU.Build.0 = Release|Any CPU
		{4B64FDFC-5DA5-49AE-B8DA-4900D69DABDB}.Debug|Any CPU.ActiveCfg = Debug|Any CPU
		{4B64FDFC-5DA5-49AE-B8DA-4900D69DABDB}.Debug|Any CPU.Build.0 = Debug|Any CPU
		{4B64FDFC-5DA5-49AE-B8DA-4900D69DABDB}.Release|Any CPU.ActiveCfg = Release|Any CPU
		{4B64FDFC-5DA5-49AE-B8DA-4900D69DABDB}.Release|Any CPU.Build.0 = Release|Any CPU
	EndGlobalSection
	GlobalSection(SolutionProperties) = preSolution
		HideSolutionNode = FALSE
	EndGlobalSection
	GlobalSection(ExtensibilityGlobals) = postSolution
		SolutionGuid = {DFBE9D8E-BD27-4BE9-B9E8-295FFDEDB3BB}
	EndGlobalSection
EndGlobal
